Microsoft Visual Studio Solution File, Format Version 12.00
# Visual Studio Version 17
VisualStudioVersion = 17.5.2.0
MinimumVisualStudioVersion = 10.0.40219.1
Project("{FAE04EC0-301F-11D3-BF4B-00C04F79EFBC}") = "GridGame", "GridGame\GridGame.csproj", "{D65C62EF-EFDE-CCCF-7064-2A3C45873A9F}"
EndProject
Global
	GlobalSection(SolutionConfigurationPlatforms) = preSolution
		Debug|Any CPU = Debug|Any CPU
		Release|Any CPU = Release|Any CPU
	EndGlobalSection
	GlobalSection(ProjectConfigurationPlatforms) = postSolution
		{D65C62EF-EFDE-CCCF-7064-2A3C45873A9F}.Debug|Any CPU.ActiveCfg = Debug|Any CPU
		{D65C62EF-EFDE-CCCF-7064-2A3C45873A9F}.Debug|Any CPU.Build.0 = Debug|Any CPU
		{D65C62EF-EFDE-CCCF-7064-2A3C45873A9F}.Release|Any CPU.ActiveCfg = Release|Any CPU
		{D65C62EF-EFDE-CCCF-7064-2A3C45873A9F}.Release|Any CPU.Build.0 = Release|Any CPU
	EndGlobalSection
	GlobalSection(SolutionProperties) = preSolution
		HideSolutionNode = FALSE
	EndGlobalSection
	GlobalSection(ExtensibilityGlobals) = postSolution
		SolutionGuid = {AB7CEFD7-4A0E-4FAE-BA5B-9DA09EC89A7A}
	EndGlobalSection
EndGlobal
